
Microsoft Visual Studio Solution File, Format Version 12.00
# Visual Studio 14
VisualStudioVersion = 14.0.23107.0
MinimumVisualStudioVersion = 10.0.40219.1
Project("{FAE04EC0-301F-11D3-BF4B-00C04F79EFBC}") = "Generate_Cnblogs_Articles_To_Markdown_Files", "Generate_Cnblogs_Articles_To_Markdown_Files\Generate_Cnblogs_Articles_To_Markdown_Files.csproj", "{86E1208F-BF39-4EA3-A942-A76B9E44A9BE}"
EndProject
Global
	GlobalSection(SolutionConfigurationPlatforms) = preSolution
		Debug|Any CPU = Debug|Any CPU
		Release|Any CPU = Release|Any CPU
	EndGlobalSection
	GlobalSection(ProjectConfigurationPlatforms) = postSolution
		{86E1208F-BF39-4EA3-A942-A76B9E44A9BE}.Debug|Any CPU.ActiveCfg = Debug|Any CPU
		{86E1208F-BF39-4EA3-A942-A76B9E44A9BE}.Debug|Any CPU.Build.0 = Debug|Any CPU
		{86E1208F-BF39-4EA3-A942-A76B9E44A9BE}.Release|Any CPU.ActiveCfg = Release|Any CPU
		{86E1208F-BF39-4EA3-A942-A76B9E44A9BE}.Release|Any CPU.Build.0 = Release|Any CPU
	EndGlobalSection
	GlobalSection(SolutionProperties) = preSolution
		HideSolutionNode = FALSE
	EndGlobalSection
EndGlobal
